// !$*UTF8*$!
{
	archiveVersion = 1;
	classes = {
	};
	objectVersion = 77;
	objects = {

/* Begin PBXContainerItemProxy section */
		936EE7EB2CC5619300C7E7C0 /* PBXContainerItemProxy */ = {
			isa = PBXContainerItemProxy;
			containerPortal = 936EE7CC2CC5619100C7E7C0 /* Project object */;
			proxyType = 1;
			remoteGlobalIDString = 936EE7D32CC5619100C7E7C0;
			remoteInfo = just;
		};
		936EE7F52CC5619300C7E7C0 /* PBXContainerItemProxy */ = {
			isa = PBXContainerItemProxy;
			containerPortal = 936EE7CC2CC5619100C7E7C0 /* Project object */;
			proxyType = 1;
			remoteGlobalIDString = 936EE7D32CC5619100C7E7C0;
			remoteInfo = just;
		};
/* End PBXContainerItemProxy section */

/* Begin PBXFileReference section */
		936EE7D42CC5619100C7E7C0 /* just.app */ = {isa = PBXFileReference; explicitFileType = wrapper.application; includeInIndex = 0; path = just.app; sourceTree = BUILT_PRODUCTS_DIR; };
		936EE7EA2CC5619300C7E7C0 /* justTests.xctest */ = {isa = PBXFileReference; explicitFileType = wrapper.cfbundle; includeInIndex = 0; path = justTests.xctest; sourceTree = BUILT_PRODUCTS_DIR; };
		936EE7F42CC5619300C7E7C0 /* justUITests.xctest */ = {isa = PBXFileReference; explicitFileType = wrapper.cfbundle; includeInIndex = 0; path = justUITests.xctest; sourceTree = BUILT_PRODUCTS_DIR; };
/* End PBXFileReference section */

/* Begin PBXFileSystemSynchronizedBuildFileExceptionSet section */
		936EE7FC2CC5619300C7E7C0 /* Exceptions for "just" folder in "just" target */ = {
			isa = PBXFileSystemSynchronizedBuildFileExceptionSet;
			membershipExceptions = (
				Info.plist,
			);
			target = 936EE7D32CC5619100C7E7C0 /* just */;
		};
/* End PBXFileSystemSynchronizedBuildFileExceptionSet section */

/* Begin PBXFileSystemSynchronizedRootGroup section */
		936EE7D62CC5619100C7E7C0 /* just */ = {
			isa = PBXFileSystemSynchronizedRootGroup;
			exceptions = (
				936EE7FC2CC5619300C7E7C0 /* Exceptions for "just" folder in "just" target */,
			);
			path = just;
			sourceTree = "<group>";
		};
		936EE7ED2CC5619300C7E7C0 /* justTests */ = {
			isa = PBXFileSystemSynchronizedRootGroup;
			path = justTests;
			sourceTree = "<group>";
		};
		936EE7F72CC5619300C7E7C0 /* justUITests */ = {
			isa = PBXFileSystemSynchronizedRootGroup;
			path = justUITests;
			sourceTree = "<group>";
		};
/* End PBXFileSystemSynchronizedRootGroup section */

/* Begin PBXFrameworksBuildPhase section */
		936EE7D12CC5619100C7E7C0 /* Frameworks */ = {
			isa = PBXFrameworksBuildPhase;
			buildActionMask = 2147483647;
			files = (
			);
			runOnlyForDeploymentPostprocessing = 0;
		};
		936EE7E72CC5619300C7E7C0 /* Frameworks */ = {
			isa = PBXFrameworksBuildPhase;
			buildActionMask = 2147483647;
			files = (
			);
			runOnlyForDeploymentPostprocessing = 0;
		};
		936EE7F12CC5619300C7E7C0 /* Frameworks */ = {
			isa = PBXFrameworksBuildPhase;
			buildActionMask = 2147483647;
			files = (
			);
			runOnlyForDeploymentPostprocessing = 0;
		};
/* End PBXFrameworksBuildPhase section */

/* Begin PBXGroup section */
		936EE7CB2CC5619100C7E7C0 = {
			isa = PBXGroup;
			children = (
				936EE7D62CC5619100C7E7C0 /* just */,
				936EE7ED2CC5619300C7E7C0 /* justTests */,
				936EE7F72CC5619300C7E7C0 /* justUITests */,
				936EE7D52CC5619100C7E7C0 /* Products */,
			);
			sourceTree = "<group>";
		};
		936EE7D52CC5619100C7E7C0 /* Products */ = {
			isa = PBXGroup;
			children = (
				936EE7D42CC5619100C7E7C0 /* just.app */,
				936EE7EA2CC5619300C7E7C0 /* justTests.xctest */,
				936EE7F42CC5619300C7E7C0 /* justUITests.xctest */,
			);
			name = Products;
			sourceTree = "<group>";
		};
/* End PBXGroup section */

/* Begin PBXNativeTarget section */
		936EE7D32CC5619100C7E7C0 /* just */ = {
			isa = PBXNativeTarget;
			buildConfigurationList = 936EE7FD2CC5619300C7E7C0 /* Build configuration list for PBXNativeTarget "just" */;
			buildPhases = (
				936EE7D02CC5619100C7E7C0 /* Sources */,
				936EE7D12CC5619100C7E7C0 /* Frameworks */,
				936EE7D22CC5619100C7E7C0 /* Resources */,
			);
			buildRules = (
			);
			dependencies = (
			);
			fileSystemSynchronizedGroups = (
				936EE7D62CC5619100C7E7C0 /* just */,
			);
			name = just;
			packageProductDependencies = (
			);
			productName = just;
			productReference = 936EE7D42CC5619100C7E7C0 /* just.app */;
			productType = "com.apple.product-type.application";
		};
		936EE7E92CC5619300C7E7C0 /* justTests */ = {
			isa = PBXNativeTarget;
			buildConfigurationList = 936EE8022CC5619300C7E7C0 /* Build configuration list for PBXNativeTarget "justTests" */;
			buildPhases = (
				936EE7E62CC5619300C7E7C0 /* Sources */,
				936EE7E72CC5619300C7E7C0 /* Frameworks */,
				936EE7E82CC5619300C7E7C0 /* Resources */,
			);
			buildRules = (
			);
			dependencies = (
				936EE7EC2CC5619300C7E7C0 /* PBXTargetDependency */,
			);
			fileSystemSynchronizedGroups = (
				936EE7ED2CC5619300C7E7C0 /* justTests */,
			);
			name = justTests;
			packageProductDependencies = (
			);
			productName = justTests;
			productReference = 936EE7EA2CC5619300C7E7C0 /* justTests.xctest */;
			productType = "com.apple.product-type.bundle.unit-test";
		};
		936EE7F32CC5619300C7E7C0 /* justUITests */ = {
			isa = PBXNativeTarget;
			buildConfigurationList = 936EE8052CC5619300C7E7C0 /* Build configuration list for PBXNativeTarget "justUITests" */;
			buildPhases = (
				936EE7F02CC5619300C7E7C0 /* Sources */,
				936EE7F12CC5619300C7E7C0 /* Frameworks */,
				936EE7F22CC5619300C7E7C0 /* Resources */,
			);
			buildRules = (
			);
			dependencies = (
				936EE7F62CC5619300C7E7C0 /* PBXTargetDependency */,
			);
			fileSystemSynchronizedGroups = (
				936EE7F72CC5619300C7E7C0 /* justUITests */,
			);
			name = justUITests;
			packageProductDependencies = (
			);
			productName = justUITests;
			productReference = 936EE7F42CC5619300C7E7C0 /* justUITests.xctest */;
			productType = "com.apple.product-type.bundle.ui-testing";
		};
/* End PBXNativeTarget section */

/* Begin PBXProject section */
		936EE7CC2CC5619100C7E7C0 /* Project object */ = {
			isa = PBXProject;
			attributes = {
				BuildIndependentTargetsInParallel = 1;
				LastSwiftUpdateCheck = 1600;
				LastUpgradeCheck = 1600;
				TargetAttributes = {
					936EE7D32CC5619100C7E7C0 = {
						CreatedOnToolsVersion = 16.0;
					};
					936EE7E92CC5619300C7E7C0 = {
						CreatedOnToolsVersion = 16.0;
						TestTargetID = 936EE7D32CC5619100C7E7C0;
					};
					936EE7F32CC5619300C7E7C0 = {
						CreatedOnToolsVersion = 16.0;
						TestTargetID = 936EE7D32CC5619100C7E7C0;
					};
				};
			};
			buildConfigurationList = 936EE7CF2CC5619100C7E7C0 /* Build configuration list for PBXProject "just" */;
			developmentRegion = en;
			hasScannedForEncodings = 0;
			knownRegions = (
				en,
				Base,
			);
			mainGroup = 936EE7CB2CC5619100C7E7C0;
			minimizedProjectReferenceProxies = 1;
			preferredProjectObjectVersion = 77;
			productRefGroup = 936EE7D52CC5619100C7E7C0 /* Products */;
			projectDirPath = "";
			projectRoot = "";
			targets = (
				936EE7D32CC5619100C7E7C0 /* just */,
				936EE7E92CC5619300C7E7C0 /* justTests */,
				936EE7F32CC5619300C7E7C0 /* justUITests */,
			);
		};
/* End PBXProject section */

/* Begin PBXResourcesBuildPhase section */
		936EE7D22CC5619100C7E7C0 /* Resources */ = {
			isa = PBXResourcesBuildPhase;
			buildActionMask = 2147483647;
			files = (
			);
			runOnlyForDeploymentPostprocessing = 0;
		};
		936EE7E82CC5619300C7E7C0 /* Resources */ = {
			isa = PBXResourcesBuildPhase;
			buildActionMask = 2147483647;
			files = (
			);
			runOnlyForDeploymentPostprocessing = 0;
		};
		936EE7F22CC5619300C7E7C0 /* Resources */ = {
			isa = PBXResourcesBuildPhase;
			buildActionMask = 2147483647;
			files = (
			);
			runOnlyForDeploymentPostprocessing = 0;
		};
/* End PBXResourcesBuildPhase section */

/* Begin PBXSourcesBuildPhase section */
		936EE7D02CC5619100C7E7C0 /* Sources */ = {
			isa = PBXSourcesBuildPhase;
			buildActionMask = 2147483647;
			files = (
			);
			runOnlyForDeploymentPostprocessing = 0;
		};
		936EE7E62CC5619300C7E7C0 /* Sources */ = {
			isa = PBXSourcesBuildPhase;
			buildActionMask = 2147483647;
			files = (
			);
			runOnlyForDeploymentPostprocessing = 0;
		};
		936EE7F02CC5619300C7E7C0 /* Sources */ = {
			isa = PBXSourcesBuildPhase;
			buildActionMask = 2147483647;
			files = (
			);
			runOnlyForDeploymentPostprocessing = 0;
		};
/* End PBXSourcesBuildPhase section */

/* Begin PBXTargetDependency section */
		936EE7EC2CC5619300C7E7C0 /* PBXTargetDependency */ = {
			isa = PBXTargetDependency;
			target = 936EE7D32CC5619100C7E7C0 /* just */;
			targetProxy = 936EE7EB2CC5619300C7E7C0 /* PBXContainerItemProxy */;
		};
		936EE7F62CC5619300C7E7C0 /* PBXTargetDependency */ = {
			isa = PBXTargetDependency;
			target = 936EE7D32CC5619100C7E7C0 /* just */;
			targetProxy = 936EE7F52CC5619300C7E7C0 /* PBXContainerItemProxy */;
		};
/* End PBXTargetDependency section */

/* Begin XCBuildConfiguration section */
		936EE7FE2CC5619300C7E7C0 /* Debug */ = {
			isa = XCBuildConfiguration;
			buildSettings = {
				ASSETCATALOG_COMPILER_APPICON_NAME = AppIcon;
				ASSETCATALOG_COMPILER_GLOBAL_ACCENT_COLOR_NAME = AccentColor;
				CODE_SIGN_STYLE = Automatic;
				CURRENT_PROJECT_VERSION = 1;
				DEVELOPMENT_TEAM = FARKV3J635;
				GENERATE_INFOPLIST_FILE = YES;
				INFOPLIST_FILE = just/Info.plist;
				INFOPLIST_KEY_UIApplicationSupportsIndirectInputEvents = YES;
				INFOPLIST_KEY_UILaunchStoryboardName = LaunchScreen;
				INFOPLIST_KEY_UIMainStoryboardFile = Main;
				INFOPLIST_KEY_UISupportedInterfaceOrientations_iPad = "UIInterfaceOrientationPortrait UIInterfaceOrientationPortraitUpsideDown UIInterfaceOrientationLandscapeLeft UIInterfaceOrientationLandscapeRight";
				INFOPLIST_KEY_UISupportedInterfaceOrientations_iPhone = "UIInterfaceOrientationPortrait UIInterfaceOrientationLandscapeLeft UIInterfaceOrientationLandscapeRight";
				IPHONEOS_DEPLOYMENT_TARGET = 17.5;
				LD_RUNPATH_SEARCH_PATHS = (
					"$(inherited)",
					"@executable_path/Frameworks",
				);
				MARKETING_VERSION = 1.0;
				PRODUCT_BUNDLE_IDENTIFIER = "-.just";
				PRODUCT_NAME = "$(TARGET_NAME)";
				SWIFT_EMIT_LOC_STRINGS = YES;
				SWIFT_VERSION = 5.0;
				TARGETED_DEVICE_FAMILY = "1,2";
			};
			name = Debug;
		};
		936EE7FF2CC5619300C7E7C0 /* Release */ = {
			isa = XCBuildConfiguration;
			buildSettings = {
				ASSETCATALOG_COMPILER_APPICON_NAME = AppIcon;
				ASSETCATALOG_COMPILER_GLOBAL_ACCENT_COLOR_NAME = AccentColor;
				CODE_SIGN_STYLE = Automatic;
				CURRENT_PROJECT_VERSION = 1;
				DEVELOPMENT_TEAM = FARKV3J635;
				GENERATE_INFOPLIST_FILE = YES;
				INFOPLIST_FILE = just/Info.plist;
				INFOPLIST_KEY_UIApplicationSupportsIndirectInputEvents = YES;
				INFOPLIST_KEY_UILaunchStoryboardName = LaunchScreen;
				INFOPLIST_KEY_UIMainStoryboardFile = Main;
				INFOPLIST_KEY_UISupportedInterfaceOrientations_iPad = "UIInterfaceOrientationPortrait UIInterfaceOrientationPortraitUpsideDown UIInterfaceOrientationLandscapeLeft UIInterfaceOrientationLandscapeRight";
				INFOPLIST_KEY_UISupportedInterfaceOrientations_iPhone = "UIInterfaceOrientationPortrait UIInterfaceOrientationLandscapeLeft UIInterfaceOrientationLandscapeRight";
				IPHONEOS_DEPLOYMENT_TARGET = 17.5;
				LD_RUNPATH_SEARCH_PATHS = (
					"$(inherited)",
					"@executable_path/Frameworks",
				);
				MARKETING_VERSION = 1.0;
				PRODUCT_BUNDLE_IDENTIFIER = "-.just";
				PRODUCT_NAME = "$(TARGET_NAME)";
				SWIFT_EMIT_LOC_STRINGS = YES;
				SWIFT_VERSION = 5.0;
				TARGETED_DEVICE_FAMILY = "1,2";
			};
			name = Release;
		};
		936EE8002CC5619300C7E7C0 /* Debug */ = {
			isa = XCBuildConfiguration;
			buildSettings = {
				ALWAYS_SEARCH_USER_PATHS = NO;
				ASSETCATALOG_COMPILER_GENERATE_SWIFT_ASSET_SYMBOL_EXTENSIONS = YES;
				CLANG_ANALYZER_NONNULL = YES;
				CLANG_ANALYZER_NUMBER_OBJECT_CONVERSION = YES_AGGRESSIVE;
				CLANG_CXX_LANGUAGE_STANDARD = "gnu++20";
				CLANG_ENABLE_MODULES = YES;
				CLANG_ENABLE_OBJC_ARC = YES;
				CLANG_ENABLE_OBJC_WEAK = YES;
				CLANG_WARN_BLOCK_CAPTURE_AUTORELEASING = YES;
				CLANG_WARN_BOOL_CONVERSION = YES;
				CLANG_WARN_COMMA = YES;
				CLANG_WARN_CONSTANT_CONVERSION = YES;
				CLANG_WARN_DEPRECATED_OBJC_IMPLEMENTATIONS = YES;
				CLANG_WARN_DIRECT_OBJC_ISA_USAGE = YES_ERROR;
				CLANG_WARN_DOCUMENTATION_COMMENTS = YES;
				CLANG_WARN_EMPTY_BODY = YES;
				CLANG_WARN_ENUM_CONVERSION = YES;
				CLANG_WARN_INFINITE_RECURSION = YES;
				CLANG_WARN_INT_CONVERSION = YES;
				CLANG_WARN_NON_LITERAL_NULL_CONVERSION = YES;
				CLANG_WARN_OBJC_IMPLICIT_RETAIN_SELF = YES;
				CLANG_WARN_OBJC_LITERAL_CONVERSION = YES;
				CLANG_WARN_OBJC_ROOT_CLASS = YES_ERROR;
				CLANG_WARN_QUOTED_INCLUDE_IN_FRAMEWORK_HEADER = YES;
				CLANG_WARN_RANGE_LOOP_ANALYSIS = YES;
				CLANG_WARN_STRICT_PROTOTYPES = YES;
				CLANG_WARN_SUSPICIOUS_MOVE = YES;
				CLANG_WARN_UNGUARDED_AVAILABILITY = YES_AGGRESSIVE;
				CLANG_WARN_UNREACHABLE_CODE = YES;
				CLANG_WARN__DUPLICATE_METHOD_MATCH = YES;
				COPY_PHASE_STRIP = NO;
				DEBUG_INFORMATION_FORMAT = dwarf;
				ENABLE_STRICT_OBJC_MSGSEND = YES;
				ENABLE_TESTABILITY = YES;
				ENABLE_USER_SCRIPT_SANDBOXING = YES;
				GCC_C_LANGUAGE_STANDARD = gnu17;
				GCC_DYNAMIC_NO_PIC = NO;
				GCC_NO_COMMON_BLOCKS = YES;
				GCC_OPTIMIZATION_LEVEL = 0;
				GCC_PREPROCESSOR_DEFINITIONS = (
					"DEBUG=1",
					"$(inherited)",
				);
				GCC_WARN_64_TO_32_BIT_CONVERSION = YES;
				GCC_WARN_ABOUT_RETURN_TYPE = YES_ERROR;
				GCC_WARN_UNDECLARED_SELECTOR = YES;
				GCC_WARN_UNINITIALIZED_AUTOS = YES_AGGRESSIVE;
				GCC_WARN_UNUSED_FUNCTION = YES;
				GCC_WARN_UNUSED_VARIABLE = YES;
				IPHONEOS_DEPLOYMENT_TARGET = 18.0;
				LOCALIZATION_PREFERS_STRING_CATALOGS = YES;
				MTL_ENABLE_DEBUG_INFO = INCLUDE_SOURCE;
				MTL_FAST_MATH = YES;
				ONLY_ACTIVE_ARCH = YES;
				SDKROOT = iphoneos;
				SWIFT_ACTIVE_COMPILATION_CONDITIONS = "DEBUG $(inherited)";
				SWIFT_OPTIMIZATION_LEVEL = "-Onone";
			};
			name = Debug;
		};
		936EE8012CC5619300C7E7C0 /* Release */ = {
			isa = XCBuildConfiguration;
			buildSettings = {
				ALWAYS_SEARCH_USER_PATHS = NO;
				ASSETCATALOG_COMPILER_GENERATE_SWIFT_ASSET_SYMBOL_EXTENSIONS = YES;
				CLANG_ANALYZER_NONNULL = YES;
				CLANG_ANALYZER_NUMBER_OBJECT_CONVERSION = YES_AGGRESSIVE;
				CLANG_CXX_LANGUAGE_STANDARD = "gnu++20";
				CLANG_ENABLE_MODULES = YES;
				CLANG_ENABLE_OBJC_ARC = YES;
				CLANG_ENABLE_OBJC_WEAK = YES;
				CLANG_WARN_BLOCK_CAPTURE_AUTORELEASING = YES;
				CLANG_WARN_BOOL_CONVERSION = YES;
				CLANG_WARN_COMMA = YES;
				CLANG_WARN_CONSTANT_CONVERSION = YES;
				CLANG_WARN_DEPRECATED_OBJC_IMPLEMENTATIONS = YES;
				CLANG_WARN_DIRECT_OBJC_ISA_USAGE = YES_ERROR;
				CLANG_WARN_DOCUMENTATION_COMMENTS = YES;
				CLANG_WARN_EMPTY_BODY = YES;
				CLANG_WARN_ENUM_CONVERSION = YES;
				CLANG_WARN_INFINITE_RECURSION = YES;
				CLANG_WARN_INT_CONVERSION = YES;
				CLANG_WARN_NON_LITERAL_NULL_CONVERSION = YES;
				CLANG_WARN_OBJC_IMPLICIT_RETAIN_SELF = YES;
				CLANG_WARN_OBJC_LITERAL_CONVERSION = YES;
				CLANG_WARN_OBJC_ROOT_CLASS = YES_ERROR;
				CLANG_WARN_QUOTED_INCLUDE_IN_FRAMEWORK_HEADER = YES;
				CLANG_WARN_RANGE_LOOP_ANALYSIS = YES;
				CLANG_WARN_STRICT_PROTOTYPES = YES;
				CLANG_WARN_SUSPICIOUS_MOVE = YES;
				CLANG_WARN_UNGUARDED_AVAILABILITY = YES_AGGRESSIVE;
				CLANG_WARN_UNREACHABLE_CODE = YES;
				CLANG_WARN__DUPLICATE_METHOD_MATCH = YES;
				COPY_PHASE_STRIP = NO;
				DEBUG_INFORMATION_FORMAT = "dwarf-with-dsym";
				ENABLE_NS_ASSERTIONS = NO;
				ENABLE_STRICT_OBJC_MSGSEND = YES;
				ENABLE_USER_SCRIPT_SANDBOXING = YES;
				GCC_C_LANGUAGE_STANDARD = gnu17;
				GCC_NO_COMMON_BLOCKS = YES;
				GCC_WARN_64_TO_32_BIT_CONVERSION = YES;
				GCC_WARN_ABOUT_RETURN_TYPE = YES_ERROR;
				GCC_WARN_UNDECLARED_SELECTOR = YES;
				GCC_WARN_UNINITIALIZED_AUTOS = YES_AGGRESSIVE;
				GCC_WARN_UNUSED_FUNCTION = YES;
				GCC_WARN_UNUSED_VARIABLE = YES;
				IPHONEOS_DEPLOYMENT_TARGET = 18.0;
				LOCALIZATION_PREFERS_STRING_CATALOGS = YES;
				MTL_ENABLE_DEBUG_INFO = NO;
				MTL_FAST_MATH = YES;
				SDKROOT = iphoneos;
				SWIFT_COMPILATION_MODE = wholemodule;
				VALIDATE_PRODUCT = YES;
			};
			name = Release;
		};
		936EE8032CC5619300C7E7C0 /* Debug */ = {
			isa = XCBuildConfiguration;
			buildSettings = {
				BUNDLE_LOADER = "$(TEST_HOST)";
				CODE_SIGN_STYLE = Automatic;
				CURRENT_PROJECT_VERSION = 1;
				DEVELOPMENT_TEAM = FARKV3J635;
				GENERATE_INFOPLIST_FILE = YES;
				IPHONEOS_DEPLOYMENT_TARGET = 18.0;
				MARKETING_VERSION = 1.0;
				PRODUCT_BUNDLE_IDENTIFIER = "-.justTests";
				PRODUCT_NAME = "$(TARGET_NAME)";
				SWIFT_EMIT_LOC_STRINGS = NO;
				SWIFT_VERSION = 5.0;
				TARGETED_DEVICE_FAMILY = "1,2";
				TEST_HOST = "$(BUILT_PRODUCTS_DIR)/just.app/$(BUNDLE_EXECUTABLE_FOLDER_PATH)/just";
			};
			name = Debug;
		};
		936EE8042CC5619300C7E7C0 /* Release */ = {
			isa = XCBuildConfiguration;
			buildSettings = {
				BUNDLE_LOADER = "$(TEST_HOST)";
				CODE_SIGN_STYLE = Automatic;
				CURRENT_PROJECT_VERSION = 1;
				DEVELOPMENT_TEAM = FARKV3J635;
				GENERATE_INFOPLIST_FILE = YES;
				IPHONEOS_DEPLOYMENT_TARGET = 18.0;
				MARKETING_VERSION = 1.0;
				PRODUCT_BUNDLE_IDENTIFIER = "-.justTests";
				PRODUCT_NAME = "$(TARGET_NAME)";
				SWIFT_EMIT_LOC_STRINGS = NO;
				SWIFT_VERSION = 5.0;
				TARGETED_DEVICE_FAMILY = "1,2";
				TEST_HOST = "$(BUILT_PRODUCTS_DIR)/just.app/$(BUNDLE_EXECUTABLE_FOLDER_PATH)/just";
			};
			name = Release;
		};
		936EE8062CC5619300C7E7C0 /* Debug */ = {
			isa = XCBuildConfiguration;
			buildSettings = {
				CODE_SIGN_STYLE = Automatic;
				CURRENT_PROJECT_VERSION = 1;
				DEVELOPMENT_TEAM = FARKV3J635;
				GENERATE_INFOPLIST_FILE = YES;
				MARKETING_VERSION = 1.0;
				PRODUCT_BUNDLE_IDENTIFIER = "-.justUITests";
				PRODUCT_NAME = "$(TARGET_NAME)";
				SWIFT_EMIT_LOC_STRINGS = NO;
				SWIFT_VERSION = 5.0;
				TARGETED_DEVICE_FAMILY = "1,2";
				TEST_TARGET_NAME = just;
			};
			name = Debug;
		};
		936EE8072CC5619300C7E7C0 /* Release */ = {
			isa = XCBuildConfiguration;
			buildSettings = {
				CODE_SIGN_STYLE = Automatic;
				CURRENT_PROJECT_VERSION = 1;
				DEVELOPMENT_TEAM = FARKV3J635;
				GENERATE_INFOPLIST_FILE = YES;
				MARKETING_VERSION = 1.0;
				PRODUCT_BUNDLE_IDENTIFIER = "-.justUITests";
				PRODUCT_NAME = "$(TARGET_NAME)";
				SWIFT_EMIT_LOC_STRINGS = NO;
				SWIFT_VERSION = 5.0;
				TARGETED_DEVICE_FAMILY = "1,2";
				TEST_TARGET_NAME = just;
			};
			name = Release;
		};
/* End XCBuildConfiguration section */

/* Begin XCConfigurationList section */
		936EE7CF2CC5619100C7E7C0 /* Build configuration list for PBXProject "just" */ = {
			isa = XCConfigurationList;
			buildConfigurations = (
				936EE8002CC5619300C7E7C0 /* Debug */,
				936EE8012CC5619300C7E7C0 /* Release */,
			);
			defaultConfigurationIsVisible = 0;
			defaultConfigurationName = Release;
		};
		936EE7FD2CC5619300C7E7C0 /* Build configuration list for PBXNativeTarget "just" */ = {
			isa = XCConfigurationList;
			buildConfigurations = (
				936EE7FE2CC5619300C7E7C0 /* Debug */,
				936EE7FF2CC5619300C7E7C0 /* Release */,
			);
			defaultConfigurationIsVisible = 0;
			defaultConfigurationName = Release;
		};
		936EE8022CC5619300C7E7C0 /* Build configuration list for PBXNativeTarget "justTests" */ = {
			isa = XCConfigurationList;
			buildConfigurations = (
				936EE8032CC5619300C7E7C0 /* Debug */,
				936EE8042CC5619300C7E7C0 /* Release */,
			);
			defaultConfigurationIsVisible = 0;
			defaultConfigurationName = Release;
		};
		936EE8052CC5619300C7E7C0 /* Build configuration list for PBXNativeTarget "justUITests" */ = {
			isa = XCConfigurationList;
			buildConfigurations = (
				936EE8062CC5619300C7E7C0 /* Debug */,
				936EE8072CC5619300C7E7C0 /* Release */,
			);
			defaultConfigurationIsVisible = 0;
			defaultConfigurationName = Release;
		};
/* End XCConfigurationList section */
	};
	rootObject = 936EE7CC2CC5619100C7E7C0 /* Project object */;
}
